
Microsoft Visual Studio Solution File, Format Version 12.00
# Visual Studio Version 17
VisualStudioVersion = 17.3.32901.215
MinimumVisualStudioVersion = 10.0.40219.1
Project("{9A19103F-16F7-4668-BE54-9A1E7A4F7556}") = "BWASMAPP.Server", "BWASMAPP\Server\BWASMAPP.Server.csproj", "{13BDB3E9-3063-4E6F-905F-2EF22F669F5F}"
EndProject
Project("{9A19103F-16F7-4668-BE54-9A1E7A4F7556}") = "BWASMAPP.Client", "BWASMAPP\Client\BWASMAPP.Client.csproj", "{CA61852F-B50A-4079-BB96-E7EDA695E8C5}"
EndProject
Project("{9A19103F-16F7-4668-BE54-9A1E7A4F7556}") = "BWASMAPP.Shared", "BWASMAPP\Shared\BWASMAPP.Shared.csproj", "{A9879C83-6CE7-4ADD-83A8-0F4A59FF9F33}"
EndProject
Global
	GlobalSection(SolutionConfigurationPlatforms) = preSolution
		Debug|Any CPU = Debug|Any CPU
		Release|Any CPU = Release|Any CPU
	EndGlobalSection
	GlobalSection(ProjectConfigurationPlatforms) = postSolution
		{13BDB3E9-3063-4E6F-905F-2EF22F669F5F}.Debug|Any CPU.ActiveCfg = Debug|Any CPU
		{13BDB3E9-3063-4E6F-905F-2EF22F669F5F}.Debug|Any CPU.Build.0 = Debug|Any CPU
		{13BDB3E9-3063-4E6F-905F-2EF22F669F5F}.Release|Any CPU.ActiveCfg = Release|Any CPU
		{13BDB3E9-3063-4E6F-905F-2EF22F669F5F}.Release|Any CPU.Build.0 = Release|Any CPU
		{CA61852F-B50A-4079-BB96-E7EDA695E8C5}.Debug|Any CPU.ActiveCfg = Debug|Any CPU
		{CA61852F-B50A-4079-BB96-E7EDA695E8C5}.Debug|Any CPU.Build.0 = Debug|Any CPU
		{CA61852F-B50A-4079-BB96-E7EDA695E8C5}.Release|Any CPU.ActiveCfg = Release|Any CPU
		{CA61852F-B50A-4079-BB96-E7EDA695E8C5}.Release|Any CPU.Build.0 = Release|Any CPU
		{A9879C83-6CE7-4ADD-83A8-0F4A59FF9F33}.Debug|Any CPU.ActiveCfg = Debug|Any CPU
		{A9879C83-6CE7-4ADD-83A8-0F4A59FF9F33}.Debug|Any CPU.Build.0 = Debug|Any CPU
		{A9879C83-6CE7-4ADD-83A8-0F4A59FF9F33}.Release|Any CPU.ActiveCfg = Release|Any CPU
		{A9879C83-6CE7-4ADD-83A8-0F4A59FF9F33}.Release|Any CPU.Build.0 = Release|Any CPU
	EndGlobalSection
	GlobalSection(SolutionProperties) = preSolution
		HideSolutionNode = FALSE
	EndGlobalSection
	GlobalSection(ExtensibilityGlobals) = postSolution
		SolutionGuid = {7DED8E96-EA9E-4B22-8776-D03E2A74BD6A}
	EndGlobalSection
EndGlobal
